
Microsoft Visual Studio Solution File, Format Version 12.00
# Visual Studio 15
VisualStudioVersion = 15.0.27703.2018
MinimumVisualStudioVersion = 10.0.40219.1
Project("{8BC9CEB8-8B4A-11D0-8D11-00A0C91BC942}") = "SECOPatcher", "SECOPatcher\SECOPatcher.vcxproj", "{DA9CCEEB-AA41-455B-9E3B-CE4653448238}"
EndProject
Global
	GlobalSection(SolutionConfigurationPlatforms) = preSolution
		Debug|x64 = Debug|x64
		Debug|Win32 = Debug|Win32
		Release|x64 = Release|x64
		Release|Win32 = Release|Win32
	EndGlobalSection
	GlobalSection(ProjectConfigurationPlatforms) = postSolution
		{DA9CCEEB-AA41-455B-9E3B-CE4653448238}.Debug|x64.ActiveCfg = Debug|x64
		{DA9CCEEB-AA41-455B-9E3B-CE4653448238}.Debug|x64.Build.0 = Debug|x64
		{DA9CCEEB-AA41-455B-9E3B-CE4653448238}.Debug|Win32.ActiveCfg = Debug|Win32
		{DA9CCEEB-AA41-455B-9E3B-CE4653448238}.Debug|Win32.Build.0 = Debug|Win32
		{DA9CCEEB-AA41-455B-9E3B-CE4653448238}.Release|x64.ActiveCfg = Release|x64
		{DA9CCEEB-AA41-455B-9E3B-CE4653448238}.Release|x64.Build.0 = Release|x64
		{DA9CCEEB-AA41-455B-9E3B-CE4653448238}.Release|Win32.ActiveCfg = Release|Win32
		{DA9CCEEB-AA41-455B-9E3B-CE4653448238}.Release|Win32.Build.0 = Release|Win32
	EndGlobalSection
	GlobalSection(SolutionProperties) = preSolution
		HideSolutionNode = FALSE
	EndGlobalSection
	GlobalSection(ExtensibilityGlobals) = postSolution
		SolutionGuid = {8675AF20-1A18-470F-B9B1-9684F3BD3A67}
	EndGlobalSection
EndGlobal
